// !$*UTF8*$!
{
	archiveVersion = 1;
	classes = {
	};
	objectVersion = 56;
	objects = {

/* Begin PBXBuildFile section */
		A9ABA2CC2AEB1397000347EE /* BeatsTestApp.swift in Sources */ = {isa = PBXBuildFile; fileRef = A9ABA2CB2AEB1397000347EE /* BeatsTestApp.swift */; };
		A9ABA2CE2AEB1397000347EE /* ContentView.swift in Sources */ = {isa = PBXBuildFile; fileRef = A9ABA2CD2AEB1397000347EE /* ContentView.swift */; };
		A9ABA2D02AEB139A000347EE /* Assets.xcassets in Resources */ = {isa = PBXBuildFile; fileRef = A9ABA2CF2AEB139A000347EE /* Assets.xcassets */; };
		A9ABA2D32AEB139A000347EE /* Preview Assets.xcassets in Resources */ = {isa = PBXBuildFile; fileRef = A9ABA2D22AEB139A000347EE /* Preview Assets.xcassets */; };
		A9ABA2DA2AEB21E0000347EE /* SoundController.swift in Sources */ = {isa = PBXBuildFile; fileRef = A9ABA2D92AEB21E0000347EE /* SoundController.swift */; };
		A9ABA2DC2AEB36B0000347EE /* beat.wav in Resources */ = {isa = PBXBuildFile; fileRef = A9ABA2DB2AEB36B0000347EE /* beat.wav */; };
		A9ABA2FC2AEEAF52000347EE /* TimeController.swift in Sources */ = {isa = PBXBuildFile; fileRef = A9ABA2FB2AEEAF52000347EE /* TimeController.swift */; };
/* End PBXBuildFile section */

/* Begin PBXFileReference section */
		A9ABA2C82AEB1397000347EE /* BeatsTest.app */ = {isa = PBXFileReference; explicitFileType = wrapper.application; includeInIndex = 0; path = BeatsTest.app; sourceTree = BUILT_PRODUCTS_DIR; };
		A9ABA2CB2AEB1397000347EE /* BeatsTestApp.swift */ = {isa = PBXFileReference; lastKnownFileType = sourcecode.swift; path = BeatsTestApp.swift; sourceTree = "<group>"; };
		A9ABA2CD2AEB1397000347EE /* ContentView.swift */ = {isa = PBXFileReference; lastKnownFileType = sourcecode.swift; path = ContentView.swift; sourceTree = "<group>"; };
		A9ABA2CF2AEB139A000347EE /* Assets.xcassets */ = {isa = PBXFileReference; lastKnownFileType = folder.assetcatalog; path = Assets.xcassets; sourceTree = "<group>"; };
		A9ABA2D22AEB139A000347EE /* Preview Assets.xcassets */ = {isa = PBXFileReference; lastKnownFileType = folder.assetcatalog; path = "Preview Assets.xcassets"; sourceTree = "<group>"; };
		A9ABA2D92AEB21E0000347EE /* SoundController.swift */ = {isa = PBXFileReference; lastKnownFileType = sourcecode.swift; path = SoundController.swift; sourceTree = "<group>"; };
		A9ABA2DB2AEB36B0000347EE /* beat.wav */ = {isa = PBXFileReference; lastKnownFileType = audio.wav; name = beat.wav; path = BeatsTest/Sounds/beat.wav; sourceTree = SOURCE_ROOT; };
		A9ABA2FB2AEEAF52000347EE /* TimeController.swift */ = {isa = PBXFileReference; lastKnownFileType = sourcecode.swift; path = TimeController.swift; sourceTree = "<group>"; };
/* End PBXFileReference section */

/* Begin PBXFrameworksBuildPhase section */
		A9ABA2C52AEB1397000347EE /* Frameworks */ = {
			isa = PBXFrameworksBuildPhase;
			buildActionMask = 2147483647;
			files = (
			);
			runOnlyForDeploymentPostprocessing = 0;
		};
/* End PBXFrameworksBuildPhase section */

/* Begin PBXGroup section */
		A9ABA2BF2AEB1397000347EE = {
			isa = PBXGroup;
			children = (
				A9ABA2CA2AEB1397000347EE /* BeatsTest */,
				A9ABA2C92AEB1397000347EE /* Products */,
			);
			sourceTree = "<group>";
		};
		A9ABA2C92AEB1397000347EE /* Products */ = {
			isa = PBXGroup;
			children = (
				A9ABA2C82AEB1397000347EE /* BeatsTest.app */,
			);
			name = Products;
			sourceTree = "<group>";
		};
		A9ABA2CA2AEB1397000347EE /* BeatsTest */ = {
			isa = PBXGroup;
			children = (
				A9ABA2CF2AEB139A000347EE /* Assets.xcassets */,
				A9ABA2CB2AEB1397000347EE /* BeatsTestApp.swift */,
				F04516752AEC492C009BF440 /* Data */,
				F04516762AEC4936009BF440 /* Sounds */,
				F04516772AEC4953009BF440 /* Models */,
				F04516782AEC495F009BF440 /* Views */,
				F04516792AEC4968009BF440 /* Controllers */,
				A9ABA2D12AEB139A000347EE /* Preview Content */,
			);
			path = BeatsTest;
			sourceTree = "<group>";
		};
		A9ABA2D12AEB139A000347EE /* Preview Content */ = {
			isa = PBXGroup;
			children = (
				A9ABA2D22AEB139A000347EE /* Preview Assets.xcassets */,
			);
			path = "Preview Content";
			sourceTree = "<group>";
		};
		F04516752AEC492C009BF440 /* Data */ = {
			isa = PBXGroup;
			children = (
			);
			path = Data;
			sourceTree = "<group>";
		};
		F04516762AEC4936009BF440 /* Sounds */ = {
			isa = PBXGroup;
			children = (
				A9ABA2DB2AEB36B0000347EE /* beat.wav */,
			);
			path = Sounds;
			sourceTree = "<group>";
		};
		F04516772AEC4953009BF440 /* Models */ = {
			isa = PBXGroup;
			children = (
			);
			path = Models;
			sourceTree = "<group>";
		};
		F04516782AEC495F009BF440 /* Views */ = {
			isa = PBXGroup;
			children = (
				A9ABA2CD2AEB1397000347EE /* ContentView.swift */,
			);
			path = Views;
			sourceTree = "<group>";
		};
		F04516792AEC4968009BF440 /* Controllers */ = {
			isa = PBXGroup;
			children = (
				A9ABA2FB2AEEAF52000347EE /* TimeController.swift */,
				A9ABA2D92AEB21E0000347EE /* SoundController.swift */,
			);
			path = Controllers;
			sourceTree = "<group>";
		};
/* End PBXGroup section */

/* Begin PBXNativeTarget section */
		A9ABA2C72AEB1397000347EE /* BeatsTest */ = {
			isa = PBXNativeTarget;
			buildConfigurationList = A9ABA2D62AEB139A000347EE /* Build configuration list for PBXNativeTarget "BeatsTest" */;
			buildPhases = (
				A9ABA2C42AEB1397000347EE /* Sources */,
				A9ABA2C52AEB1397000347EE /* Frameworks */,
				A9ABA2C62AEB1397000347EE /* Resources */,
			);
			buildRules = (
			);
			dependencies = (
			);
			name = BeatsTest;
			productName = BeatsTest;
			productReference = A9ABA2C82AEB1397000347EE /* BeatsTest.app */;
			productType = "com.apple.product-type.application";
		};
/* End PBXNativeTarget section */

/* Begin PBXProject section */
		A9ABA2C02AEB1397000347EE /* Project object */ = {
			isa = PBXProject;
			attributes = {
				BuildIndependentTargetsInParallel = 1;
				LastSwiftUpdateCheck = 1500;
				LastUpgradeCheck = 1500;
				TargetAttributes = {
					A9ABA2C72AEB1397000347EE = {
						CreatedOnToolsVersion = 15.0.1;
					};
				};
			};
			buildConfigurationList = A9ABA2C32AEB1397000347EE /* Build configuration list for PBXProject "BeatsTest" */;
			compatibilityVersion = "Xcode 14.0";
			developmentRegion = en;
			hasScannedForEncodings = 0;
			knownRegions = (
				en,
				Base,
			);
			mainGroup = A9ABA2BF2AEB1397000347EE;
			productRefGroup = A9ABA2C92AEB1397000347EE /* Products */;
			projectDirPath = "";
			projectRoot = "";
			targets = (
				A9ABA2C72AEB1397000347EE /* BeatsTest */,
			);
		};
/* End PBXProject section */

/* Begin PBXResourcesBuildPhase section */
		A9ABA2C62AEB1397000347EE /* Resources */ = {
			isa = PBXResourcesBuildPhase;
			buildActionMask = 2147483647;
			files = (
				A9ABA2DC2AEB36B0000347EE /* beat.wav in Resources */,
				A9ABA2D32AEB139A000347EE /* Preview Assets.xcassets in Resources */,
				A9ABA2D02AEB139A000347EE /* Assets.xcassets in Resources */,
			);
			runOnlyForDeploymentPostprocessing = 0;
		};
/* End PBXResourcesBuildPhase section */

/* Begin PBXSourcesBuildPhase section */
		A9ABA2C42AEB1397000347EE /* Sources */ = {
			isa = PBXSourcesBuildPhase;
			buildActionMask = 2147483647;
			files = (
				A9ABA2CE2AEB1397000347EE /* ContentView.swift in Sources */,
				A9ABA2DA2AEB21E0000347EE /* SoundController.swift in Sources */,
				A9ABA2FC2AEEAF52000347EE /* TimeController.swift in Sources */,
				A9ABA2CC2AEB1397000347EE /* BeatsTestApp.swift in Sources */,
			);
			runOnlyForDeploymentPostprocessing = 0;
		};
/* End PBXSourcesBuildPhase section */

/* Begin XCBuildConfiguration section */
		A9ABA2D42AEB139A000347EE /* Debug */ = {
			isa = XCBuildConfiguration;
			buildSettings = {
				ALWAYS_SEARCH_USER_PATHS = NO;
				ASSETCATALOG_COMPILER_GENERATE_SWIFT_ASSET_SYMBOL_EXTENSIONS = YES;
				CLANG_ANALYZER_NONNULL = YES;
				CLANG_ANALYZER_NUMBER_OBJECT_CONVERSION = YES_AGGRESSIVE;
				CLANG_CXX_LANGUAGE_STANDARD = "gnu++20";
				CLANG_ENABLE_MODULES = YES;
				CLANG_ENABLE_OBJC_ARC = YES;
				CLANG_ENABLE_OBJC_WEAK = YES;
				CLANG_WARN_BLOCK_CAPTURE_AUTORELEASING = YES;
				CLANG_WARN_BOOL_CONVERSION = YES;
				CLANG_WARN_COMMA = YES;
				CLANG_WARN_CONSTANT_CONVERSION = YES;
				CLANG_WARN_DEPRECATED_OBJC_IMPLEMENTATIONS = YES;
				CLANG_WARN_DIRECT_OBJC_ISA_USAGE = YES_ERROR;
				CLANG_WARN_DOCUMENTATION_COMMENTS = YES;
				CLANG_WARN_EMPTY_BODY = YES;
				CLANG_WARN_ENUM_CONVERSION = YES;
				CLANG_WARN_INFINITE_RECURSION = YES;
				CLANG_WARN_INT_CONVERSION = YES;
				CLANG_WARN_NON_LITERAL_NULL_CONVERSION = YES;
				CLANG_WARN_OBJC_IMPLICIT_RETAIN_SELF = YES;
				CLANG_WARN_OBJC_LITERAL_CONVERSION = YES;
				CLANG_WARN_OBJC_ROOT_CLASS = YES_ERROR;
				CLANG_WARN_QUOTED_INCLUDE_IN_FRAMEWORK_HEADER = YES;
				CLANG_WARN_RANGE_LOOP_ANALYSIS = YES;
				CLANG_WARN_STRICT_PROTOTYPES = YES;
				CLANG_WARN_SUSPICIOUS_MOVE = YES;
				CLANG_WARN_UNGUARDED_AVAILABILITY = YES_AGGRESSIVE;
				CLANG_WARN_UNREACHABLE_CODE = YES;
				CLANG_WARN__DUPLICATE_METHOD_MATCH = YES;
				COPY_PHASE_STRIP = NO;
				DEBUG_INFORMATION_FORMAT = dwarf;
				ENABLE_STRICT_OBJC_MSGSEND = YES;
				ENABLE_TESTABILITY = YES;
				ENABLE_USER_SCRIPT_SANDBOXING = YES;
				GCC_C_LANGUAGE_STANDARD = gnu17;
				GCC_DYNAMIC_NO_PIC = NO;
				GCC_NO_COMMON_BLOCKS = YES;
				GCC_OPTIMIZATION_LEVEL = 0;
				GCC_PREPROCESSOR_DEFINITIONS = (
					"DEBUG=1",
					"$(inherited)",
				);
				GCC_WARN_64_TO_32_BIT_CONVERSION = YES;
				GCC_WARN_ABOUT_RETURN_TYPE = YES_ERROR;
				GCC_WARN_UNDECLARED_SELECTOR = YES;
				GCC_WARN_UNINITIALIZED_AUTOS = YES_AGGRESSIVE;
				GCC_WARN_UNUSED_FUNCTION = YES;
				GCC_WARN_UNUSED_VARIABLE = YES;
				IPHONEOS_DEPLOYMENT_TARGET = 17.0;
				LOCALIZATION_PREFERS_STRING_CATALOGS = YES;
				MTL_ENABLE_DEBUG_INFO = INCLUDE_SOURCE;
				MTL_FAST_MATH = YES;
				ONLY_ACTIVE_ARCH = YES;
				SDKROOT = iphoneos;
				SWIFT_ACTIVE_COMPILATION_CONDITIONS = "DEBUG $(inherited)";
				SWIFT_OPTIMIZATION_LEVEL = "-Onone";
			};
			name = Debug;
		};
		A9ABA2D52AEB139A000347EE /* Release */ = {
			isa = XCBuildConfiguration;
			buildSettings = {
				ALWAYS_SEARCH_USER_PATHS = NO;
				ASSETCATALOG_COMPILER_GENERATE_SWIFT_ASSET_SYMBOL_EXTENSIONS = YES;
				CLANG_ANALYZER_NONNULL = YES;
				CLANG_ANALYZER_NUMBER_OBJECT_CONVERSION = YES_AGGRESSIVE;
				CLANG_CXX_LANGUAGE_STANDARD = "gnu++20";
				CLANG_ENABLE_MODULES = YES;
				CLANG_ENABLE_OBJC_ARC = YES;
				CLANG_ENABLE_OBJC_WEAK = YES;
				CLANG_WARN_BLOCK_CAPTURE_AUTORELEASING = YES;
				CLANG_WARN_BOOL_CONVERSION = YES;
				CLANG_WARN_COMMA = YES;
				CLANG_WARN_CONSTANT_CONVERSION = YES;
				CLANG_WARN_DEPRECATED_OBJC_IMPLEMENTATIONS = YES;
				CLANG_WARN_DIRECT_OBJC_ISA_USAGE = YES_ERROR;
				CLANG_WARN_DOCUMENTATION_COMMENTS = YES;
				CLANG_WARN_EMPTY_BODY = YES;
				CLANG_WARN_ENUM_CONVERSION = YES;
				CLANG_WARN_INFINITE_RECURSION = YES;
				CLANG_WARN_INT_CONVERSION = YES;
				CLANG_WARN_NON_LITERAL_NULL_CONVERSION = YES;
				CLANG_WARN_OBJC_IMPLICIT_RETAIN_SELF = YES;
				CLANG_WARN_OBJC_LITERAL_CONVERSION = YES;
				CLANG_WARN_OBJC_ROOT_CLASS = YES_ERROR;
				CLANG_WARN_QUOTED_INCLUDE_IN_FRAMEWORK_HEADER = YES;
				CLANG_WARN_RANGE_LOOP_ANALYSIS = YES;
				CLANG_WARN_STRICT_PROTOTYPES = YES;
				CLANG_WARN_SUSPICIOUS_MOVE = YES;
				CLANG_WARN_UNGUARDED_AVAILABILITY = YES_AGGRESSIVE;
				CLANG_WARN_UNREACHABLE_CODE = YES;
				CLANG_WARN__DUPLICATE_METHOD_MATCH = YES;
				COPY_PHASE_STRIP = NO;
				DEBUG_INFORMATION_FORMAT = "dwarf-with-dsym";
				ENABLE_NS_ASSERTIONS = NO;
				ENABLE_STRICT_OBJC_MSGSEND = YES;
				ENABLE_USER_SCRIPT_SANDBOXING = YES;
				GCC_C_LANGUAGE_STANDARD = gnu17;
				GCC_NO_COMMON_BLOCKS = YES;
				GCC_WARN_64_TO_32_BIT_CONVERSION = YES;
				GCC_WARN_ABOUT_RETURN_TYPE = YES_ERROR;
				GCC_WARN_UNDECLARED_SELECTOR = YES;
				GCC_WARN_UNINITIALIZED_AUTOS = YES_AGGRESSIVE;
				GCC_WARN_UNUSED_FUNCTION = YES;
				GCC_WARN_UNUSED_VARIABLE = YES;
				IPHONEOS_DEPLOYMENT_TARGET = 17.0;
				LOCALIZATION_PREFERS_STRING_CATALOGS = YES;
				MTL_ENABLE_DEBUG_INFO = NO;
				MTL_FAST_MATH = YES;
				SDKROOT = iphoneos;
				SWIFT_COMPILATION_MODE = wholemodule;
				VALIDATE_PRODUCT = YES;
			};
			name = Release;
		};
		A9ABA2D72AEB139A000347EE /* Debug */ = {
			isa = XCBuildConfiguration;
			buildSettings = {
				ASSETCATALOG_COMPILER_APPICON_NAME = AppIcon;
				ASSETCATALOG_COMPILER_GLOBAL_ACCENT_COLOR_NAME = AccentColor;
				CODE_SIGN_STYLE = Automatic;
				CURRENT_PROJECT_VERSION = 1;
				DEVELOPMENT_ASSET_PATHS = "\"BeatsTest/Preview Content\"";
				DEVELOPMENT_TEAM = K6W38SA3SY;
				ENABLE_PREVIEWS = YES;
				GENERATE_INFOPLIST_FILE = YES;
				INFOPLIST_KEY_UIApplicationSceneManifest_Generation = YES;
				INFOPLIST_KEY_UIApplicationSupportsIndirectInputEvents = YES;
				INFOPLIST_KEY_UILaunchScreen_Generation = YES;
				INFOPLIST_KEY_UISupportedInterfaceOrientations_iPad = "UIInterfaceOrientationPortrait UIInterfaceOrientationPortraitUpsideDown UIInterfaceOrientationLandscapeLeft UIInterfaceOrientationLandscapeRight";
				INFOPLIST_KEY_UISupportedInterfaceOrientations_iPhone = "UIInterfaceOrientationPortrait UIInterfaceOrientationLandscapeLeft UIInterfaceOrientationLandscapeRight";
				LD_RUNPATH_SEARCH_PATHS = (
					"$(inherited)",
					"@executable_path/Frameworks",
				);
				MARKETING_VERSION = 1.0;
				PRODUCT_BUNDLE_IDENTIFIER = com.afonso.rekbaim.BeatsTest;
				PRODUCT_NAME = "$(TARGET_NAME)";
				SWIFT_EMIT_LOC_STRINGS = YES;
				SWIFT_VERSION = 5.0;
				TARGETED_DEVICE_FAMILY = "1,2";
			};
			name = Debug;
		};
		A9ABA2D82AEB139A000347EE /* Release */ = {
			isa = XCBuildConfiguration;
			buildSettings = {
				ASSETCATALOG_COMPILER_APPICON_NAME = AppIcon;
				ASSETCATALOG_COMPILER_GLOBAL_ACCENT_COLOR_NAME = AccentColor;
				CODE_SIGN_STYLE = Automatic;
				CURRENT_PROJECT_VERSION = 1;
				DEVELOPMENT_ASSET_PATHS = "\"BeatsTest/Preview Content\"";
				DEVELOPMENT_TEAM = K6W38SA3SY;
				ENABLE_PREVIEWS = YES;
				GENERATE_INFOPLIST_FILE = YES;
				INFOPLIST_KEY_UIApplicationSceneManifest_Generation = YES;
				INFOPLIST_KEY_UIApplicationSupportsIndirectInputEvents = YES;
				INFOPLIST_KEY_UILaunchScreen_Generation = YES;
				INFOPLIST_KEY_UISupportedInterfaceOrientations_iPad = "UIInterfaceOrientationPortrait UIInterfaceOrientationPortraitUpsideDown UIInterfaceOrientationLandscapeLeft UIInterfaceOrientationLandscapeRight";
				INFOPLIST_KEY_UISupportedInterfaceOrientations_iPhone = "UIInterfaceOrientationPortrait UIInterfaceOrientationLandscapeLeft UIInterfaceOrientationLandscapeRight";
				LD_RUNPATH_SEARCH_PATHS = (
					"$(inherited)",
					"@executable_path/Frameworks",
				);
				MARKETING_VERSION = 1.0;
				PRODUCT_BUNDLE_IDENTIFIER = com.afonso.rekbaim.BeatsTest;
				PRODUCT_NAME = "$(TARGET_NAME)";
				SWIFT_EMIT_LOC_STRINGS = YES;
				SWIFT_VERSION = 5.0;
				TARGETED_DEVICE_FAMILY = "1,2";
			};
			name = Release;
		};
/* End XCBuildConfiguration section */

/* Begin XCConfigurationList section */
		A9ABA2C32AEB1397000347EE /* Build configuration list for PBXProject "BeatsTest" */ = {
			isa = XCConfigurationList;
			buildConfigurations = (
				A9ABA2D42AEB139A000347EE /* Debug */,
				A9ABA2D52AEB139A000347EE /* Release */,
			);
			defaultConfigurationIsVisible = 0;
			defaultConfigurationName = Release;
		};
		A9ABA2D62AEB139A000347EE /* Build configuration list for PBXNativeTarget "BeatsTest" */ = {
			isa = XCConfigurationList;
			buildConfigurations = (
				A9ABA2D72AEB139A000347EE /* Debug */,
				A9ABA2D82AEB139A000347EE /* Release */,
			);
			defaultConfigurationIsVisible = 0;
			defaultConfigurationName = Release;
		};
/* End XCConfigurationList section */
	};
	rootObject = A9ABA2C02AEB1397000347EE /* Project object */;
}
